// !$*UTF8*$!
{
	archiveVersion = 1;
	classes = {
	};
	objectVersion = 45;
	objects = {

/* Begin PBXBuildFile section */
		1DDD58160DA1D0A300B32029 /* MainMenu.xib in Resources */ = {isa = PBXBuildFile; fileRef = 1DDD58140DA1D0A300B32029 /* MainMenu.xib */; };
		256AC3DA0F4B6AC300CF3369 /* MyTunesControllerAppDelegate.m in Sources */ = {isa = PBXBuildFile; fileRef = 256AC3D90F4B6AC300CF3369 /* MyTunesControllerAppDelegate.m */; };
		8D11072B0486CEB800E47090 /* InfoPlist.strings in Resources */ = {isa = PBXBuildFile; fileRef = 089C165CFE840E0CC02AAC07 /* InfoPlist.strings */; };
		8D11072D0486CEB800E47090 /* main.m in Sources */ = {isa = PBXBuildFile; fileRef = 29B97316FDCFA39411CA2CEA /* main.m */; settings = {ATTRIBUTES = (); }; };
		8D11072F0486CEB800E47090 /* Cocoa.framework in Frameworks */ = {isa = PBXBuildFile; fileRef = 1058C7A1FEA54F0111CA2CBB /* Cocoa.framework */; };
		C8214EA910E6AB7D008D012C /* StatusView.m in Sources */ = {isa = PBXBuildFile; fileRef = C8214EA810E6AB7D008D012C /* StatusView.m */; };
		C8214EAE10E6ABC8008D012C /* StatusBarButtonCell.m in Sources */ = {isa = PBXBuildFile; fileRef = C8214EAD10E6ABC8008D012C /* StatusBarButtonCell.m */; };
		C8214EE610E6AE8B008D012C /* ScriptingBridge.framework in Frameworks */ = {isa = PBXBuildFile; fileRef = C8214EE510E6AE8B008D012C /* ScriptingBridge.framework */; };
		C8214EEA10E6AE97008D012C /* QuartzCore.framework in Frameworks */ = {isa = PBXBuildFile; fileRef = C8214EE910E6AE97008D012C /* QuartzCore.framework */; };
		C8214EF810E6B021008D012C /* NotificationWindow.m in Sources */ = {isa = PBXBuildFile; fileRef = C8214EF210E6B021008D012C /* NotificationWindow.m */; };
		C8214EFA10E6B021008D012C /* NotificationWindowController.m in Sources */ = {isa = PBXBuildFile; fileRef = C8214EF610E6B021008D012C /* NotificationWindowController.m */; };
		C8214EFE10E6B037008D012C /* Notification.xib in Resources */ = {isa = PBXBuildFile; fileRef = C8214EFC10E6B037008D012C /* Notification.xib */; };
		C8214F0E10E6B0C8008D012C /* UserDefaults.m in Sources */ = {isa = PBXBuildFile; fileRef = C8214F0D10E6B0C8008D012C /* UserDefaults.m */; };
		C8214F6E10E6B72C008D012C /* PreferencesController.m in Sources */ = {isa = PBXBuildFile; fileRef = C8214F6C10E6B72C008D012C /* PreferencesController.m */; };
		C8214F7110E6B743008D012C /* Preferences.xib in Resources */ = {isa = PBXBuildFile; fileRef = C8214F6F10E6B743008D012C /* Preferences.xib */; };
		C8214F7B10E6B774008D012C /* pref_desktop.jpg in Resources */ = {isa = PBXBuildFile; fileRef = C8214F7A10E6B774008D012C /* pref_desktop.jpg */; };
		C82BB73710EE3F7000B24464 /* CoreServices.framework in Frameworks */ = {isa = PBXBuildFile; fileRef = C82BB73610EE3F7000B24464 /* CoreServices.framework */; };
		C83BBB7910FBA08000595F2D /* COPYING.txt in Resources */ = {isa = PBXBuildFile; fileRef = C83BBB7810FBA08000595F2D /* COPYING.txt */; };
		C83E393D121450C300708ADE /* blank.png in Resources */ = {isa = PBXBuildFile; fileRef = C83E393C121450C300708ADE /* blank.png */; };
		C85D36F81139933C006FEE88 /* Sparkle.framework in Frameworks */ = {isa = PBXBuildFile; fileRef = C85D36F71139933C006FEE88 /* Sparkle.framework */; };
		C85D371A11399390006FEE88 /* Sparkle.framework in CopyFiles */ = {isa = PBXBuildFile; fileRef = C85D36F71139933C006FEE88 /* Sparkle.framework */; };
		C87406481244D7D0008F0DD4 /* LyricsWindow.xib in Resources */ = {isa = PBXBuildFile; fileRef = C87406471244D7D0008F0DD4 /* LyricsWindow.xib */; };
		C874064E1244D81F008F0DD4 /* LyricsWindowController.m in Sources */ = {isa = PBXBuildFile; fileRef = C874064D1244D81F008F0DD4 /* LyricsWindowController.m */; };
		C89FC95510F944970093B4A6 /* next.png in Resources */ = {isa = PBXBuildFile; fileRef = C89FC95110F944970093B4A6 /* next.png */; };
		C89FC95610F944970093B4A6 /* pause.png in Resources */ = {isa = PBXBuildFile; fileRef = C89FC95210F944970093B4A6 /* pause.png */; };
		C89FC95710F944970093B4A6 /* play.png in Resources */ = {isa = PBXBuildFile; fileRef = C89FC95310F944970093B4A6 /* play.png */; };
		C89FC95810F944970093B4A6 /* previous.png in Resources */ = {isa = PBXBuildFile; fileRef = C89FC95410F944970093B4A6 /* previous.png */; };
		C8BF8EC01284A86300BB5CAC /* TrackRatingValueTransformer.m in Sources */ = {isa = PBXBuildFile; fileRef = C8BF8EBF1284A86300BB5CAC /* TrackRatingValueTransformer.m */; };
		C8BF8EE11284AB9700BB5CAC /* TrackDurationValueTransformer.m in Sources */ = {isa = PBXBuildFile; fileRef = C8BF8EE01284AB9700BB5CAC /* TrackDurationValueTransformer.m */; };
		C8BF8EE61284AD4500BB5CAC /* TrackArtworksValueTransformer.m in Sources */ = {isa = PBXBuildFile; fileRef = C8BF8EE51284AD4500BB5CAC /* TrackArtworksValueTransformer.m */; };
		C8BF8F7D1284B9AD00BB5CAC /* RecessedScroller.m in Sources */ = {isa = PBXBuildFile; fileRef = C8BF8F7C1284B9AD00BB5CAC /* RecessedScroller.m */; };
		C8D98D9C12032CD200356DC1 /* ImageScaler.m in Sources */ = {isa = PBXBuildFile; fileRef = C8D98D9B12032CD200356DC1 /* ImageScaler.m */; };
		C8E933C41200BB0B00F4D6BD /* LayerTextField.m in Sources */ = {isa = PBXBuildFile; fileRef = C8E933C31200BB0B00F4D6BD /* LayerTextField.m */; };
		C8FE898011FF7D6100290DEC /* iTunesController.m in Sources */ = {isa = PBXBuildFile; fileRef = C8FE897F11FF7D6100290DEC /* iTunesController.m */; };
		D723855612FEB39C00FD9018 /* dsa_pub.pem in Resources */ = {isa = PBXBuildFile; fileRef = D723855512FEB39C00FD9018 /* dsa_pub.pem */; };
		D744A24F12FC28A90056608A /* LrcDownloadOperation.m in Sources */ = {isa = PBXBuildFile; fileRef = D744A24012FC28A90056608A /* LrcDownloadOperation.m */; };
		D744A25012FC28A90056608A /* LRCFetcher.m in Sources */ = {isa = PBXBuildFile; fileRef = D744A24212FC28A90056608A /* LRCFetcher.m */; };
		D744A25112FC28A90056608A /* LRCLinkFinder.m in Sources */ = {isa = PBXBuildFile; fileRef = D744A24412FC28A90056608A /* LRCLinkFinder.m */; };
		D744A25212FC28A90056608A /* LrcStorage.m in Sources */ = {isa = PBXBuildFile; fileRef = D744A24612FC28A90056608A /* LrcStorage.m */; };
		D744A25312FC28A90056608A /* PageGetOperation.m in Sources */ = {isa = PBXBuildFile; fileRef = D744A24812FC28A90056608A /* PageGetOperation.m */; };
		D744A25412FC28A90056608A /* QHTTPOperation.m in Sources */ = {isa = PBXBuildFile; fileRef = D744A24A12FC28A90056608A /* QHTTPOperation.m */; };
		D744A25512FC28A90056608A /* QRunLoopOperation.m in Sources */ = {isa = PBXBuildFile; fileRef = D744A24C12FC28A90056608A /* QRunLoopOperation.m */; };
		D744A25612FC28A90056608A /* QWatchedOperationQueue.m in Sources */ = {isa = PBXBuildFile; fileRef = D744A24E12FC28A90056608A /* QWatchedOperationQueue.m */; };
		D744A26C12FC2A910056608A /* libxml2.dylib in Frameworks */ = {isa = PBXBuildFile; fileRef = D744A26B12FC2A910056608A /* libxml2.dylib */; };
		D76D451912EAD0CD007C733D /* Sparkle.framework in Frameworks */ = {isa = PBXBuildFile; fileRef = D76D451812EAD0CD007C733D /* Sparkle.framework */; };
		D7A30BC912FEF7BB0032F578 /* status_icon.png in Resources */ = {isa = PBXBuildFile; fileRef = D7A30BC812FEF7BB0032F578 /* status_icon.png */; };
		D7A30BE812FEF8350032F578 /* app_icon.icns in Resources */ = {isa = PBXBuildFile; fileRef = D7A30BE712FEF8350032F578 /* app_icon.icns */; };
		D7B503BE12F84C0A003112CD /* LrcToken.m in Sources */ = {isa = PBXBuildFile; fileRef = D7B503B412F84C0A003112CD /* LrcToken.m */; };
		D7B503BF12F84C0A003112CD /* LrcTokensPool.mm in Sources */ = {isa = PBXBuildFile; fileRef = D7B503B612F84C0A003112CD /* LrcTokensPool.mm */; };
		D7B503C012F84C0A003112CD /* NSScanner+JSON.m in Sources */ = {isa = PBXBuildFile; fileRef = D7B503B812F84C0A003112CD /* NSScanner+JSON.m */; };
		D7B503C112F84C0A003112CD /* NSString+URLArguments.m in Sources */ = {isa = PBXBuildFile; fileRef = D7B503BA12F84C0A003112CD /* NSString+URLArguments.m */; };
		D7B503CE12F84C0A003112CD /* chardetect.a in Frameworks */ = {isa = PBXBuildFile; fileRef = D7B503CD12F84C0A003112CD /* chardetect.a */; };
/* End PBXBuildFile section */

/* Begin PBXCopyFilesBuildPhase section */
		C85D371811399372006FEE88 /* CopyFiles */ = {
			isa = PBXCopyFilesBuildPhase;
			buildActionMask = 2147483647;
			dstPath = "";
			dstSubfolderSpec = 10;
			files = (
				C85D371A11399390006FEE88 /* Sparkle.framework in CopyFiles */,
			);
			runOnlyForDeploymentPostprocessing = 0;
		};
/* End PBXCopyFilesBuildPhase section */

/* Begin PBXFileReference section */
		089C165DFE840E0CC02AAC07 /* English */ = {isa = PBXFileReference; fileEncoding = 4; lastKnownFileType = text.plist.strings; name = English; path = English.lproj/InfoPlist.strings; sourceTree = "<group>"; };
		1058C7A1FEA54F0111CA2CBB /* Cocoa.framework */ = {isa = PBXFileReference; lastKnownFileType = wrapper.framework; name = Cocoa.framework; path = /System/Library/Frameworks/Cocoa.framework; sourceTree = "<absolute>"; };
		13E42FB307B3F0F600E4EEF1 /* CoreData.framework */ = {isa = PBXFileReference; lastKnownFileType = wrapper.framework; name = CoreData.framework; path = /System/Library/Frameworks/CoreData.framework; sourceTree = "<absolute>"; };
		1DDD58150DA1D0A300B32029 /* English */ = {isa = PBXFileReference; lastKnownFileType = file.xib; name = English; path = English.lproj/MainMenu.xib; sourceTree = "<group>"; };
		256AC3D80F4B6AC300CF3369 /* MyTunesControllerAppDelegate.h */ = {isa = PBXFileReference; fileEncoding = 4; lastKnownFileType = sourcecode.c.h; path = MyTunesControllerAppDelegate.h; sourceTree = "<group>"; };
		256AC3D90F4B6AC300CF3369 /* MyTunesControllerAppDelegate.m */ = {isa = PBXFileReference; fileEncoding = 4; lastKnownFileType = sourcecode.c.objc; path = MyTunesControllerAppDelegate.m; sourceTree = "<group>"; };
		256AC3F00F4B6AF500CF3369 /* MyTunesControllerPlus_Prefix.pch */ = {isa = PBXFileReference; fileEncoding = 4; lastKnownFileType = sourcecode.c.h; path = MyTunesControllerPlus_Prefix.pch; sourceTree = "<group>"; };
		29B97316FDCFA39411CA2CEA /* main.m */ = {isa = PBXFileReference; fileEncoding = 4; lastKnownFileType = sourcecode.c.objc; path = main.m; sourceTree = "<group>"; };
		29B97324FDCFA39411CA2CEA /* AppKit.framework */ = {isa = PBXFileReference; lastKnownFileType = wrapper.framework; name = AppKit.framework; path = /System/Library/Frameworks/AppKit.framework; sourceTree = "<absolute>"; };
		29B97325FDCFA39411CA2CEA /* Foundation.framework */ = {isa = PBXFileReference; lastKnownFileType = wrapper.framework; name = Foundation.framework; path = /System/Library/Frameworks/Foundation.framework; sourceTree = "<absolute>"; };
		8D1107310486CEB800E47090 /* MyTunesControllerPlus-Info.plist */ = {isa = PBXFileReference; fileEncoding = 4; lastKnownFileType = text.plist.xml; path = "MyTunesControllerPlus-Info.plist"; sourceTree = "<group>"; };
		8D1107320486CEB800E47090 /* MyTunesControllerPlus.app */ = {isa = PBXFileReference; explicitFileType = wrapper.application; includeInIndex = 0; path = MyTunesControllerPlus.app; sourceTree = BUILT_PRODUCTS_DIR; };
		C8214EA710E6AB7D008D012C /* StatusView.h */ = {isa = PBXFileReference; fileEncoding = 4; lastKnownFileType = sourcecode.c.h; path = StatusView.h; sourceTree = "<group>"; };
		C8214EA810E6AB7D008D012C /* StatusView.m */ = {isa = PBXFileReference; fileEncoding = 4; lastKnownFileType = sourcecode.c.objc; path = StatusView.m; sourceTree = "<group>"; };
		C8214EAC10E6ABC8008D012C /* StatusBarButtonCell.h */ = {isa = PBXFileReference; fileEncoding = 4; lastKnownFileType = sourcecode.c.h; path = StatusBarButtonCell.h; sourceTree = "<group>"; };
		C8214EAD10E6ABC8008D012C /* StatusBarButtonCell.m */ = {isa = PBXFileReference; fileEncoding = 4; lastKnownFileType = sourcecode.c.objc; path = StatusBarButtonCell.m; sourceTree = "<group>"; };
		C8214EE110E6ADC4008D012C /* iTunes.h */ = {isa = PBXFileReference; fileEncoding = 4; lastKnownFileType = sourcecode.c.h; path = iTunes.h; sourceTree = "<group>"; };
		C8214EE510E6AE8B008D012C /* ScriptingBridge.framework */ = {isa = PBXFileReference; lastKnownFileType = wrapper.framework; name = ScriptingBridge.framework; path = /System/Library/Frameworks/ScriptingBridge.framework; sourceTree = "<absolute>"; };
		C8214EE910E6AE97008D012C /* QuartzCore.framework */ = {isa = PBXFileReference; lastKnownFileType = wrapper.framework; name = QuartzCore.framework; path = /System/Library/Frameworks/QuartzCore.framework; sourceTree = "<absolute>"; };
		C8214EF110E6B021008D012C /* NotificationWindow.h */ = {isa = PBXFileReference; fileEncoding = 4; lastKnownFileType = sourcecode.c.h; path = NotificationWindow.h; sourceTree = "<group>"; };
		C8214EF210E6B021008D012C /* NotificationWindow.m */ = {isa = PBXFileReference; fileEncoding = 4; lastKnownFileType = sourcecode.c.objc; path = NotificationWindow.m; sourceTree = "<group>"; };
		C8214EF510E6B021008D012C /* NotificationWindowController.h */ = {isa = PBXFileReference; fileEncoding = 4; lastKnownFileType = sourcecode.c.h; path = NotificationWindowController.h; sourceTree = "<group>"; };
		C8214EF610E6B021008D012C /* NotificationWindowController.m */ = {isa = PBXFileReference; fileEncoding = 4; lastKnownFileType = sourcecode.c.objc; path = NotificationWindowController.m; sourceTree = "<group>"; };
		C8214EFD10E6B037008D012C /* English */ = {isa = PBXFileReference; lastKnownFileType = file.xib; name = English; path = English.lproj/Notification.xib; sourceTree = "<group>"; };
		C8214F0C10E6B0C8008D012C /* UserDefaults.h */ = {isa = PBXFileReference; fileEncoding = 4; lastKnownFileType = sourcecode.c.h; path = UserDefaults.h; sourceTree = "<group>"; };
		C8214F0D10E6B0C8008D012C /* UserDefaults.m */ = {isa = PBXFileReference; fileEncoding = 4; lastKnownFileType = sourcecode.c.objc; path = UserDefaults.m; sourceTree = "<group>"; };
		C8214F6B10E6B72C008D012C /* PreferencesController.h */ = {isa = PBXFileReference; fileEncoding = 4; lastKnownFileType = sourcecode.c.h; path = PreferencesController.h; sourceTree = "<group>"; };
		C8214F6C10E6B72C008D012C /* PreferencesController.m */ = {isa = PBXFileReference; fileEncoding = 4; lastKnownFileType = sourcecode.c.objc; path = PreferencesController.m; sourceTree = "<group>"; };
		C8214F7010E6B743008D012C /* English */ = {isa = PBXFileReference; lastKnownFileType = file.xib; name = English; path = English.lproj/Preferences.xib; sourceTree = "<group>"; };
		C8214F7A10E6B774008D012C /* pref_desktop.jpg */ = {isa = PBXFileReference; lastKnownFileType = image.jpeg; path = pref_desktop.jpg; sourceTree = "<group>"; };
		C82BB73610EE3F7000B24464 /* CoreServices.framework */ = {isa = PBXFileReference; lastKnownFileType = wrapper.framework; name = CoreServices.framework; path = /System/Library/Frameworks/CoreServices.framework; sourceTree = "<absolute>"; };
		C83BBB7810FBA08000595F2D /* COPYING.txt */ = {isa = PBXFileReference; fileEncoding = 4; lastKnownFileType = text; path = COPYING.txt; sourceTree = "<group>"; };
		C83E393C121450C300708ADE /* blank.png */ = {isa = PBXFileReference; lastKnownFileType = image.png; path = blank.png; sourceTree = "<group>"; };
		C85D36F71139933C006FEE88 /* Sparkle.framework */ = {isa = PBXFileReference; lastKnownFileType = wrapper.framework; path = Sparkle.framework; sourceTree = "<group>"; };
		C87406471244D7D0008F0DD4 /* LyricsWindow.xib */ = {isa = PBXFileReference; lastKnownFileType = file.xib; path = LyricsWindow.xib; sourceTree = "<group>"; };
		C874064C1244D81F008F0DD4 /* LyricsWindowController.h */ = {isa = PBXFileReference; fileEncoding = 4; lastKnownFileType = sourcecode.c.h; path = LyricsWindowController.h; sourceTree = "<group>"; };
		C874064D1244D81F008F0DD4 /* LyricsWindowController.m */ = {isa = PBXFileReference; fileEncoding = 4; lastKnownFileType = sourcecode.c.objc; path = LyricsWindowController.m; sourceTree = "<group>"; };
		C89FC95110F944970093B4A6 /* next.png */ = {isa = PBXFileReference; lastKnownFileType = image.png; path = next.png; sourceTree = "<group>"; };
		C89FC95210F944970093B4A6 /* pause.png */ = {isa = PBXFileReference; lastKnownFileType = image.png; path = pause.png; sourceTree = "<group>"; };
		C89FC95310F944970093B4A6 /* play.png */ = {isa = PBXFileReference; lastKnownFileType = image.png; path = play.png; sourceTree = "<group>"; };
		C89FC95410F944970093B4A6 /* previous.png */ = {isa = PBXFileReference; lastKnownFileType = image.png; path = previous.png; sourceTree = "<group>"; };
		C8BF8EBE1284A86300BB5CAC /* TrackRatingValueTransformer.h */ = {isa = PBXFileReference; fileEncoding = 4; lastKnownFileType = sourcecode.c.h; path = TrackRatingValueTransformer.h; sourceTree = "<group>"; };
		C8BF8EBF1284A86300BB5CAC /* TrackRatingValueTransformer.m */ = {isa = PBXFileReference; fileEncoding = 4; lastKnownFileType = sourcecode.c.objc; path = TrackRatingValueTransformer.m; sourceTree = "<group>"; };
		C8BF8EDF1284AB9700BB5CAC /* TrackDurationValueTransformer.h */ = {isa = PBXFileReference; fileEncoding = 4; lastKnownFileType = sourcecode.c.h; path = TrackDurationValueTransformer.h; sourceTree = "<group>"; };
		C8BF8EE01284AB9700BB5CAC /* TrackDurationValueTransformer.m */ = {isa = PBXFileReference; fileEncoding = 4; lastKnownFileType = sourcecode.c.objc; path = TrackDurationValueTransformer.m; sourceTree = "<group>"; };
		C8BF8EE41284AD4500BB5CAC /* TrackArtworksValueTransformer.h */ = {isa = PBXFileReference; fileEncoding = 4; lastKnownFileType = sourcecode.c.h; path = TrackArtworksValueTransformer.h; sourceTree = "<group>"; };
		C8BF8EE51284AD4500BB5CAC /* TrackArtworksValueTransformer.m */ = {isa = PBXFileReference; fileEncoding = 4; lastKnownFileType = sourcecode.c.objc; path = TrackArtworksValueTransformer.m; sourceTree = "<group>"; };
		C8BF8F7B1284B9AD00BB5CAC /* RecessedScroller.h */ = {isa = PBXFileReference; fileEncoding = 4; lastKnownFileType = sourcecode.c.h; path = RecessedScroller.h; sourceTree = "<group>"; };
		C8BF8F7C1284B9AD00BB5CAC /* RecessedScroller.m */ = {isa = PBXFileReference; fileEncoding = 4; lastKnownFileType = sourcecode.c.objc; path = RecessedScroller.m; sourceTree = "<group>"; };
		C8D98D9A12032CD200356DC1 /* ImageScaler.h */ = {isa = PBXFileReference; fileEncoding = 4; lastKnownFileType = sourcecode.c.h; path = ImageScaler.h; sourceTree = "<group>"; };
		C8D98D9B12032CD200356DC1 /* ImageScaler.m */ = {isa = PBXFileReference; fileEncoding = 4; lastKnownFileType = sourcecode.c.objc; path = ImageScaler.m; sourceTree = "<group>"; };
		C8E933C21200BB0B00F4D6BD /* LayerTextField.h */ = {isa = PBXFileReference; fileEncoding = 4; lastKnownFileType = sourcecode.c.h; path = LayerTextField.h; sourceTree = "<group>"; };
		C8E933C31200BB0B00F4D6BD /* LayerTextField.m */ = {isa = PBXFileReference; fileEncoding = 4; lastKnownFileType = sourcecode.c.objc; path = LayerTextField.m; sourceTree = "<group>"; };
		C8FE897E11FF7D6100290DEC /* iTunesController.h */ = {isa = PBXFileReference; fileEncoding = 4; lastKnownFileType = sourcecode.c.h; path = iTunesController.h; sourceTree = "<group>"; };
		C8FE897F11FF7D6100290DEC /* iTunesController.m */ = {isa = PBXFileReference; fileEncoding = 4; lastKnownFileType = sourcecode.c.objc; path = iTunesController.m; sourceTree = "<group>"; };
		D723855512FEB39C00FD9018 /* dsa_pub.pem */ = {isa = PBXFileReference; fileEncoding = 4; lastKnownFileType = text; path = dsa_pub.pem; sourceTree = "<group>"; };
		D744A23F12FC28A90056608A /* LrcDownloadOperation.h */ = {isa = PBXFileReference; fileEncoding = 4; lastKnownFileType = sourcecode.c.h; path = LrcDownloadOperation.h; sourceTree = "<group>"; };
		D744A24012FC28A90056608A /* LrcDownloadOperation.m */ = {isa = PBXFileReference; fileEncoding = 4; lastKnownFileType = sourcecode.c.objc; path = LrcDownloadOperation.m; sourceTree = "<group>"; };
		D744A24112FC28A90056608A /* LRCFetcher.h */ = {isa = PBXFileReference; fileEncoding = 4; lastKnownFileType = sourcecode.c.h; path = LRCFetcher.h; sourceTree = "<group>"; };
		D744A24212FC28A90056608A /* LRCFetcher.m */ = {isa = PBXFileReference; fileEncoding = 4; lastKnownFileType = sourcecode.c.objc; path = LRCFetcher.m; sourceTree = "<group>"; };
		D744A24312FC28A90056608A /* LRCLinkFinder.h */ = {isa = PBXFileReference; fileEncoding = 4; lastKnownFileType = sourcecode.c.h; path = LRCLinkFinder.h; sourceTree = "<group>"; };
		D744A24412FC28A90056608A /* LRCLinkFinder.m */ = {isa = PBXFileReference; fileEncoding = 4; lastKnownFileType = sourcecode.c.objc; path = LRCLinkFinder.m; sourceTree = "<group>"; };
		D744A24512FC28A90056608A /* LrcStorage.h */ = {isa = PBXFileReference; fileEncoding = 4; lastKnownFileType = sourcecode.c.h; path = LrcStorage.h; sourceTree = "<group>"; };
		D744A24612FC28A90056608A /* LrcStorage.m */ = {isa = PBXFileReference; fileEncoding = 4; lastKnownFileType = sourcecode.c.objc; path = LrcStorage.m; sourceTree = "<group>"; };
		D744A24712FC28A90056608A /* PageGetOperation.h */ = {isa = PBXFileReference; fileEncoding = 4; lastKnownFileType = sourcecode.c.h; path = PageGetOperation.h; sourceTree = "<group>"; };
		D744A24812FC28A90056608A /* PageGetOperation.m */ = {isa = PBXFileReference; fileEncoding = 4; lastKnownFileType = sourcecode.c.objc; path = PageGetOperation.m; sourceTree = "<group>"; };
		D744A24912FC28A90056608A /* QHTTPOperation.h */ = {isa = PBXFileReference; fileEncoding = 4; lastKnownFileType = sourcecode.c.h; path = QHTTPOperation.h; sourceTree = "<group>"; };
		D744A24A12FC28A90056608A /* QHTTPOperation.m */ = {isa = PBXFileReference; fileEncoding = 4; lastKnownFileType = sourcecode.c.objc; path = QHTTPOperation.m; sourceTree = "<group>"; };
		D744A24B12FC28A90056608A /* QRunLoopOperation.h */ = {isa = PBXFileReference; fileEncoding = 4; lastKnownFileType = sourcecode.c.h; path = QRunLoopOperation.h; sourceTree = "<group>"; };
		D744A24C12FC28A90056608A /* QRunLoopOperation.m */ = {isa = PBXFileReference; fileEncoding = 4; lastKnownFileType = sourcecode.c.objc; path = QRunLoopOperation.m; sourceTree = "<group>"; };
		D744A24D12FC28A90056608A /* QWatchedOperationQueue.h */ = {isa = PBXFileReference; fileEncoding = 4; lastKnownFileType = sourcecode.c.h; path = QWatchedOperationQueue.h; sourceTree = "<group>"; };
		D744A24E12FC28A90056608A /* QWatchedOperationQueue.m */ = {isa = PBXFileReference; fileEncoding = 4; lastKnownFileType = sourcecode.c.objc; path = QWatchedOperationQueue.m; sourceTree = "<group>"; };
		D744A26B12FC2A910056608A /* libxml2.dylib */ = {isa = PBXFileReference; lastKnownFileType = "compiled.mach-o.dylib"; name = libxml2.dylib; path = usr/lib/libxml2.dylib; sourceTree = SDKROOT; };
		D76D451812EAD0CD007C733D /* Sparkle.framework */ = {isa = PBXFileReference; lastKnownFileType = wrapper.framework; path = Sparkle.framework; sourceTree = "<group>"; };
		D7A30BC812FEF7BB0032F578 /* status_icon.png */ = {isa = PBXFileReference; lastKnownFileType = image.png; path = status_icon.png; sourceTree = "<group>"; };
		D7A30BE712FEF8350032F578 /* app_icon.icns */ = {isa = PBXFileReference; lastKnownFileType = image.icns; path = app_icon.icns; sourceTree = "<group>"; };
		D7B503AC12F84C0A003112CD /* chardetect.h */ = {isa = PBXFileReference; fileEncoding = 4; lastKnownFileType = sourcecode.c.h; path = chardetect.h; sourceTree = "<group>"; };
		D7B503B312F84C0A003112CD /* LrcToken.h */ = {isa = PBXFileReference; fileEncoding = 4; lastKnownFileType = sourcecode.c.h; path = LrcToken.h; sourceTree = "<group>"; };
		D7B503B412F84C0A003112CD /* LrcToken.m */ = {isa = PBXFileReference; fileEncoding = 4; lastKnownFileType = sourcecode.c.objc; path = LrcToken.m; sourceTree = "<group>"; };
		D7B503B512F84C0A003112CD /* LrcTokensPool.h */ = {isa = PBXFileReference; fileEncoding = 4; lastKnownFileType = sourcecode.c.h; path = LrcTokensPool.h; sourceTree = "<group>"; };
		D7B503B612F84C0A003112CD /* LrcTokensPool.mm */ = {isa = PBXFileReference; fileEncoding = 4; lastKnownFileType = sourcecode.cpp.objcpp; path = LrcTokensPool.mm; sourceTree = "<group>"; };
		D7B503B712F84C0A003112CD /* NSScanner+JSON.h */ = {isa = PBXFileReference; fileEncoding = 4; lastKnownFileType = sourcecode.c.h; path = "NSScanner+JSON.h"; sourceTree = "<group>"; };
		D7B503B812F84C0A003112CD /* NSScanner+JSON.m */ = {isa = PBXFileReference; fileEncoding = 4; lastKnownFileType = sourcecode.c.objc; path = "NSScanner+JSON.m"; sourceTree = "<group>"; };
		D7B503B912F84C0A003112CD /* NSString+URLArguments.h */ = {isa = PBXFileReference; fileEncoding = 4; lastKnownFileType = sourcecode.c.h; path = "NSString+URLArguments.h"; sourceTree = "<group>"; };
		D7B503BA12F84C0A003112CD /* NSString+URLArguments.m */ = {isa = PBXFileReference; fileEncoding = 4; lastKnownFileType = sourcecode.c.objc; path = "NSString+URLArguments.m"; sourceTree = "<group>"; };
		D7B503CD12F84C0A003112CD /* chardetect.a */ = {isa = PBXFileReference; lastKnownFileType = archive.ar; path = chardetect.a; sourceTree = "<group>"; };
		D7B53FD712FE8F25009C311B /* basictypes.h */ = {isa = PBXFileReference; fileEncoding = 4; lastKnownFileType = sourcecode.c.h; path = basictypes.h; sourceTree = "<group>"; };
/* End PBXFileReference section */

/* Begin PBXFrameworksBuildPhase section */
		8D11072E0486CEB800E47090 /* Frameworks */ = {
			isa = PBXFrameworksBuildPhase;
			buildActionMask = 2147483647;
			files = (
				8D11072F0486CEB800E47090 /* Cocoa.framework in Frameworks */,
				C8214EE610E6AE8B008D012C /* ScriptingBridge.framework in Frameworks */,
				C8214EEA10E6AE97008D012C /* QuartzCore.framework in Frameworks */,
				C82BB73710EE3F7000B24464 /* CoreServices.framework in Frameworks */,
				C85D36F81139933C006FEE88 /* Sparkle.framework in Frameworks */,
				D76D451912EAD0CD007C733D /* Sparkle.framework in Frameworks */,
				D7B503CE12F84C0A003112CD /* chardetect.a in Frameworks */,
				D744A26C12FC2A910056608A /* libxml2.dylib in Frameworks */,
			);
			runOnlyForDeploymentPostprocessing = 0;
		};
/* End PBXFrameworksBuildPhase section */

/* Begin PBXGroup section */
		080E96DDFE201D6D7F000001 /* Classes */ = {
			isa = PBXGroup;
			children = (
				C8BF8F431284B65F00BB5CAC /* ValueTransformers */,
				C874064B1244D7FE008F0DD4 /* Lyrics */,
				C8214F6910E6B71F008D012C /* Preferences */,
				C8214EF010E6B010008D012C /* Notification */,
				C8D98D9A12032CD200356DC1 /* ImageScaler.h */,
				C8D98D9B12032CD200356DC1 /* ImageScaler.m */,
				C8214EE110E6ADC4008D012C /* iTunes.h */,
				C8FE897E11FF7D6100290DEC /* iTunesController.h */,
				C8FE897F11FF7D6100290DEC /* iTunesController.m */,
				256AC3D80F4B6AC300CF3369 /* MyTunesControllerAppDelegate.h */,
				256AC3D90F4B6AC300CF3369 /* MyTunesControllerAppDelegate.m */,
				C8214EAC10E6ABC8008D012C /* StatusBarButtonCell.h */,
				C8214EAD10E6ABC8008D012C /* StatusBarButtonCell.m */,
				C8214EA710E6AB7D008D012C /* StatusView.h */,
				C8214EA810E6AB7D008D012C /* StatusView.m */,
				C8214F0C10E6B0C8008D012C /* UserDefaults.h */,
				C8214F0D10E6B0C8008D012C /* UserDefaults.m */,
			);
			name = Classes;
			sourceTree = "<group>";
		};
		1058C7A0FEA54F0111CA2CBB /* Linked Frameworks */ = {
			isa = PBXGroup;
			children = (
				D7B503CD12F84C0A003112CD /* chardetect.a */,
				D76D451812EAD0CD007C733D /* Sparkle.framework */,
				C85D36F71139933C006FEE88 /* Sparkle.framework */,
				1058C7A1FEA54F0111CA2CBB /* Cocoa.framework */,
				C8214EE510E6AE8B008D012C /* ScriptingBridge.framework */,
				C8214EE910E6AE97008D012C /* QuartzCore.framework */,
				C82BB73610EE3F7000B24464 /* CoreServices.framework */,
			);
			name = "Linked Frameworks";
			sourceTree = "<group>";
		};
		1058C7A2FEA54F0111CA2CBB /* Other Frameworks */ = {
			isa = PBXGroup;
			children = (
				29B97324FDCFA39411CA2CEA /* AppKit.framework */,
				13E42FB307B3F0F600E4EEF1 /* CoreData.framework */,
				29B97325FDCFA39411CA2CEA /* Foundation.framework */,
			);
			name = "Other Frameworks";
			sourceTree = "<group>";
		};
		19C28FACFE9D520D11CA2CBB /* Products */ = {
			isa = PBXGroup;
			children = (
				8D1107320486CEB800E47090 /* MyTunesControllerPlus.app */,
			);
			name = Products;
			sourceTree = "<group>";
		};
		29B97314FDCFA39411CA2CEA /* MyTunesController */ = {
			isa = PBXGroup;
			children = (
				080E96DDFE201D6D7F000001 /* Classes */,
				29B97315FDCFA39411CA2CEA /* Other Sources */,
				29B97317FDCFA39411CA2CEA /* Resources */,
				29B97323FDCFA39411CA2CEA /* Frameworks */,
				19C28FACFE9D520D11CA2CBB /* Products */,
			);
			name = MyTunesController;
			sourceTree = "<group>";
		};
		29B97315FDCFA39411CA2CEA /* Other Sources */ = {
			isa = PBXGroup;
			children = (
				256AC3F00F4B6AF500CF3369 /* MyTunesControllerPlus_Prefix.pch */,
				29B97316FDCFA39411CA2CEA /* main.m */,
			);
			name = "Other Sources";
			sourceTree = "<group>";
		};
		29B97317FDCFA39411CA2CEA /* Resources */ = {
			isa = PBXGroup;
			children = (
				D7A30BE712FEF8350032F578 /* app_icon.icns */,
				D7A30BC812FEF7BB0032F578 /* status_icon.png */,
				D723855512FEB39C00FD9018 /* dsa_pub.pem */,
				C83BBB7810FBA08000595F2D /* COPYING.txt */,
				C83E393C121450C300708ADE /* blank.png */,
				C89FC95110F944970093B4A6 /* next.png */,
				C89FC95210F944970093B4A6 /* pause.png */,
				C89FC95310F944970093B4A6 /* play.png */,
				C89FC95410F944970093B4A6 /* previous.png */,
				C8214F7A10E6B774008D012C /* pref_desktop.jpg */,
				8D1107310486CEB800E47090 /* MyTunesControllerPlus-Info.plist */,
				089C165CFE840E0CC02AAC07 /* InfoPlist.strings */,
				1DDD58140DA1D0A300B32029 /* MainMenu.xib */,
			);
			name = Resources;
			sourceTree = "<group>";
		};
		29B97323FDCFA39411CA2CEA /* Frameworks */ = {
			isa = PBXGroup;
			children = (
				1058C7A0FEA54F0111CA2CBB /* Linked Frameworks */,
				1058C7A2FEA54F0111CA2CBB /* Other Frameworks */,
				D744A26B12FC2A910056608A /* libxml2.dylib */,
			);
			name = Frameworks;
			sourceTree = "<group>";
		};
		C8214EF010E6B010008D012C /* Notification */ = {
			isa = PBXGroup;
			children = (
				C8214EFC10E6B037008D012C /* Notification.xib */,
				C8214EF110E6B021008D012C /* NotificationWindow.h */,
				C8214EF210E6B021008D012C /* NotificationWindow.m */,
				C8214EF510E6B021008D012C /* NotificationWindowController.h */,
				C8214EF610E6B021008D012C /* NotificationWindowController.m */,
				C8E933C21200BB0B00F4D6BD /* LayerTextField.h */,
				C8E933C31200BB0B00F4D6BD /* LayerTextField.m */,
			);
			name = Notification;
			sourceTree = "<group>";
		};
		C8214F6910E6B71F008D012C /* Preferences */ = {
			isa = PBXGroup;
			children = (
				C8214F6F10E6B743008D012C /* Preferences.xib */,
				C8214F6B10E6B72C008D012C /* PreferencesController.h */,
				C8214F6C10E6B72C008D012C /* PreferencesController.m */,
			);
			name = Preferences;
			sourceTree = "<group>";
		};
		C874064B1244D7FE008F0DD4 /* Lyrics */ = {
			isa = PBXGroup;
			children = (
				D744A23F12FC28A90056608A /* LrcDownloadOperation.h */,
				D744A24012FC28A90056608A /* LrcDownloadOperation.m */,
				D744A24112FC28A90056608A /* LRCFetcher.h */,
				D744A24212FC28A90056608A /* LRCFetcher.m */,
				D744A24312FC28A90056608A /* LRCLinkFinder.h */,
				D744A24412FC28A90056608A /* LRCLinkFinder.m */,
				D744A24512FC28A90056608A /* LrcStorage.h */,
				D744A24612FC28A90056608A /* LrcStorage.m */,
				D744A24712FC28A90056608A /* PageGetOperation.h */,
				D744A24812FC28A90056608A /* PageGetOperation.m */,
				D744A24912FC28A90056608A /* QHTTPOperation.h */,
				D744A24A12FC28A90056608A /* QHTTPOperation.m */,
				D744A24B12FC28A90056608A /* QRunLoopOperation.h */,
				D744A24C12FC28A90056608A /* QRunLoopOperation.m */,
				D744A24D12FC28A90056608A /* QWatchedOperationQueue.h */,
				D744A24E12FC28A90056608A /* QWatchedOperationQueue.m */,
				D7B503AC12F84C0A003112CD /* chardetect.h */,
				D7B503B312F84C0A003112CD /* LrcToken.h */,
				D7B503B412F84C0A003112CD /* LrcToken.m */,
				D7B503B512F84C0A003112CD /* LrcTokensPool.h */,
				D7B503B612F84C0A003112CD /* LrcTokensPool.mm */,
				D7B503B712F84C0A003112CD /* NSScanner+JSON.h */,
				D7B503B812F84C0A003112CD /* NSScanner+JSON.m */,
				D7B503B912F84C0A003112CD /* NSString+URLArguments.h */,
				D7B503BA12F84C0A003112CD /* NSString+URLArguments.m */,
				C87406471244D7D0008F0DD4 /* LyricsWindow.xib */,
				C874064C1244D81F008F0DD4 /* LyricsWindowController.h */,
				C874064D1244D81F008F0DD4 /* LyricsWindowController.m */,
				C8BF8F7B1284B9AD00BB5CAC /* RecessedScroller.h */,
				C8BF8F7C1284B9AD00BB5CAC /* RecessedScroller.m */,
				D7B53FD712FE8F25009C311B /* basictypes.h */,
			);
			name = Lyrics;
			sourceTree = "<group>";
		};
		C8BF8F431284B65F00BB5CAC /* ValueTransformers */ = {
			isa = PBXGroup;
			children = (
				C8BF8EBE1284A86300BB5CAC /* TrackRatingValueTransformer.h */,
				C8BF8EBF1284A86300BB5CAC /* TrackRatingValueTransformer.m */,
				C8BF8EDF1284AB9700BB5CAC /* TrackDurationValueTransformer.h */,
				C8BF8EE01284AB9700BB5CAC /* TrackDurationValueTransformer.m */,
				C8BF8EE41284AD4500BB5CAC /* TrackArtworksValueTransformer.h */,
				C8BF8EE51284AD4500BB5CAC /* TrackArtworksValueTransformer.m */,
			);
			name = ValueTransformers;
			sourceTree = "<group>";
		};
/* End PBXGroup section */

/* Begin PBXNativeTarget section */
		8D1107260486CEB800E47090 /* MyTunesControllerPlus */ = {
			isa = PBXNativeTarget;
			buildConfigurationList = C01FCF4A08A954540054247B /* Build configuration list for PBXNativeTarget "MyTunesControllerPlus" */;
			buildPhases = (
				8D1107290486CEB800E47090 /* Resources */,
				8D11072C0486CEB800E47090 /* Sources */,
				8D11072E0486CEB800E47090 /* Frameworks */,
				C85D371811399372006FEE88 /* CopyFiles */,
			);
			buildRules = (
			);
			dependencies = (
			);
			name = MyTunesControllerPlus;
			productInstallPath = "$(HOME)/Applications";
			productName = MyTunesController;
			productReference = 8D1107320486CEB800E47090 /* MyTunesControllerPlus.app */;
			productType = "com.apple.product-type.application";
		};
/* End PBXNativeTarget section */

/* Begin PBXProject section */
		29B97313FDCFA39411CA2CEA /* Project object */ = {
			isa = PBXProject;
			buildConfigurationList = C01FCF4E08A954540054247B /* Build configuration list for PBXProject "MyTunesControllerPlus" */;
			compatibilityVersion = "Xcode 3.1";
			hasScannedForEncodings = 1;
			knownRegions = (
				English,
				Japanese,
				French,
				German,
			);
			mainGroup = 29B97314FDCFA39411CA2CEA /* MyTunesController */;
			projectDirPath = "";
			projectRoot = "";
			targets = (
				8D1107260486CEB800E47090 /* MyTunesControllerPlus */,
			);
		};
/* End PBXProject section */

/* Begin PBXResourcesBuildPhase section */
		8D1107290486CEB800E47090 /* Resources */ = {
			isa = PBXResourcesBuildPhase;
			buildActionMask = 2147483647;
			files = (
				8D11072B0486CEB800E47090 /* InfoPlist.strings in Resources */,
				1DDD58160DA1D0A300B32029 /* MainMenu.xib in Resources */,
				C8214EFE10E6B037008D012C /* Notification.xib in Resources */,
				C8214F7110E6B743008D012C /* Preferences.xib in Resources */,
				C8214F7B10E6B774008D012C /* pref_desktop.jpg in Resources */,
				C89FC95510F944970093B4A6 /* next.png in Resources */,
				C89FC95610F944970093B4A6 /* pause.png in Resources */,
				C89FC95710F944970093B4A6 /* play.png in Resources */,
				C89FC95810F944970093B4A6 /* previous.png in Resources */,
				C83BBB7910FBA08000595F2D /* COPYING.txt in Resources */,
				C83E393D121450C300708ADE /* blank.png in Resources */,
				C87406481244D7D0008F0DD4 /* LyricsWindow.xib in Resources */,
				D723855612FEB39C00FD9018 /* dsa_pub.pem in Resources */,
				D7A30BC912FEF7BB0032F578 /* status_icon.png in Resources */,
				D7A30BE812FEF8350032F578 /* app_icon.icns in Resources */,
			);
			runOnlyForDeploymentPostprocessing = 0;
		};
/* End PBXResourcesBuildPhase section */

/* Begin PBXSourcesBuildPhase section */
		8D11072C0486CEB800E47090 /* Sources */ = {
			isa = PBXSourcesBuildPhase;
			buildActionMask = 2147483647;
			files = (
				8D11072D0486CEB800E47090 /* main.m in Sources */,
				256AC3DA0F4B6AC300CF3369 /* MyTunesControllerAppDelegate.m in Sources */,
				C8214EA910E6AB7D008D012C /* StatusView.m in Sources */,
				C8214EAE10E6ABC8008D012C /* StatusBarButtonCell.m in Sources */,
				C8214EF810E6B021008D012C /* NotificationWindow.m in Sources */,
				C8214EFA10E6B021008D012C /* NotificationWindowController.m in Sources */,
				C8214F0E10E6B0C8008D012C /* UserDefaults.m in Sources */,
				C8214F6E10E6B72C008D012C /* PreferencesController.m in Sources */,
				C8FE898011FF7D6100290DEC /* iTunesController.m in Sources */,
				C8E933C41200BB0B00F4D6BD /* LayerTextField.m in Sources */,
				C8D98D9C12032CD200356DC1 /* ImageScaler.m in Sources */,
				C874064E1244D81F008F0DD4 /* LyricsWindowController.m in Sources */,
				C8BF8EC01284A86300BB5CAC /* TrackRatingValueTransformer.m in Sources */,
				C8BF8EE11284AB9700BB5CAC /* TrackDurationValueTransformer.m in Sources */,
				C8BF8EE61284AD4500BB5CAC /* TrackArtworksValueTransformer.m in Sources */,
				C8BF8F7D1284B9AD00BB5CAC /* RecessedScroller.m in Sources */,
				D7B503BE12F84C0A003112CD /* LrcToken.m in Sources */,
				D7B503BF12F84C0A003112CD /* LrcTokensPool.mm in Sources */,
				D7B503C012F84C0A003112CD /* NSScanner+JSON.m in Sources */,
				D7B503C112F84C0A003112CD /* NSString+URLArguments.m in Sources */,
				D744A24F12FC28A90056608A /* LrcDownloadOperation.m in Sources */,
				D744A25012FC28A90056608A /* LRCFetcher.m in Sources */,
				D744A25112FC28A90056608A /* LRCLinkFinder.m in Sources */,
				D744A25212FC28A90056608A /* LrcStorage.m in Sources */,
				D744A25312FC28A90056608A /* PageGetOperation.m in Sources */,
				D744A25412FC28A90056608A /* QHTTPOperation.m in Sources */,
				D744A25512FC28A90056608A /* QRunLoopOperation.m in Sources */,
				D744A25612FC28A90056608A /* QWatchedOperationQueue.m in Sources */,
			);
			runOnlyForDeploymentPostprocessing = 0;
		};
/* End PBXSourcesBuildPhase section */

/* Begin PBXVariantGroup section */
		089C165CFE840E0CC02AAC07 /* InfoPlist.strings */ = {
			isa = PBXVariantGroup;
			children = (
				089C165DFE840E0CC02AAC07 /* English */,
			);
			name = InfoPlist.strings;
			sourceTree = "<group>";
		};
		1DDD58140DA1D0A300B32029 /* MainMenu.xib */ = {
			isa = PBXVariantGroup;
			children = (
				1DDD58150DA1D0A300B32029 /* English */,
			);
			name = MainMenu.xib;
			sourceTree = "<group>";
		};
		C8214EFC10E6B037008D012C /* Notification.xib */ = {
			isa = PBXVariantGroup;
			children = (
				C8214EFD10E6B037008D012C /* English */,
			);
			name = Notification.xib;
			sourceTree = "<group>";
		};
		C8214F6F10E6B743008D012C /* Preferences.xib */ = {
			isa = PBXVariantGroup;
			children = (
				C8214F7010E6B743008D012C /* English */,
			);
			name = Preferences.xib;
			sourceTree = "<group>";
		};
/* End PBXVariantGroup section */

/* Begin XCBuildConfiguration section */
		C01FCF4B08A954540054247B /* Debug */ = {
			isa = XCBuildConfiguration;
			buildSettings = {
				ALWAYS_SEARCH_USER_PATHS = NO;
				COPY_PHASE_STRIP = NO;
				FRAMEWORK_SEARCH_PATHS = (
					"$(inherited)",
					"\"$(SRCROOT)\"",
				);
				GCC_DYNAMIC_NO_PIC = NO;
				GCC_ENABLE_FIX_AND_CONTINUE = YES;
				GCC_ENABLE_OBJC_GC = unsupported;
				GCC_MODEL_TUNING = G5;
				GCC_OPTIMIZATION_LEVEL = 0;
				GCC_PRECOMPILE_PREFIX_HEADER = YES;
				GCC_PREFIX_HEADER = MyTunesControllerPlus_Prefix.pch;
				GCC_VERSION = com.apple.compilers.llvmgcc42;
				INFOPLIST_FILE = "MyTunesControllerPlus-Info.plist";
				INSTALL_PATH = "$(HOME)/Applications";
				LIBRARY_SEARCH_PATHS = (
					"$(inherited)",
					"\"$(SRCROOT)\"",
				);
				PRODUCT_NAME = MyTunesControllerPlus;
			};
			name = Debug;
		};
		C01FCF4C08A954540054247B /* Release */ = {
			isa = XCBuildConfiguration;
			buildSettings = {
				ALWAYS_SEARCH_USER_PATHS = NO;
				DEBUG_INFORMATION_FORMAT = "dwarf-with-dsym";
				FRAMEWORK_SEARCH_PATHS = (
					"$(inherited)",
					"\"$(SRCROOT)\"",
				);
				GCC_ENABLE_OBJC_GC = unsupported;
				GCC_MODEL_TUNING = G5;
				GCC_PRECOMPILE_PREFIX_HEADER = YES;
				GCC_PREFIX_HEADER = MyTunesControllerPlus_Prefix.pch;
				GCC_VERSION = com.apple.compilers.llvmgcc42;
				INFOPLIST_FILE = "MyTunesControllerPlus-Info.plist";
				INSTALL_PATH = "$(HOME)/Applications";
				LIBRARY_SEARCH_PATHS = (
					"$(inherited)",
					"\"$(SRCROOT)\"",
				);
				MACOSX_DEPLOYMENT_TARGET = 10.5;
				PRODUCT_NAME = MyTunesControllerPlus;
			};
			name = Release;
		};
		C01FCF4F08A954540054247B /* Debug */ = {
			isa = XCBuildConfiguration;
			buildSettings = {
				ARCHS = "$(ARCHS_STANDARD_32_64_BIT)";
				GCC_C_LANGUAGE_STANDARD = gnu99;
				GCC_OPTIMIZATION_LEVEL = 0;
				GCC_PREPROCESSOR_DEFINITIONS = "DEBUG=1";
				GCC_WARN_ABOUT_RETURN_TYPE = YES;
				GCC_WARN_UNUSED_VARIABLE = YES;
				HEADER_SEARCH_PATHS = /usr/include/libxml2/;
				ONLY_ACTIVE_ARCH = YES;
				PREBINDING = NO;
				SDKROOT = macosx10.6;
			};
			name = Debug;
		};
		C01FCF5008A954540054247B /* Release */ = {
			isa = XCBuildConfiguration;
			buildSettings = {
				ARCHS = "$(ARCHS_STANDARD_32_64_BIT)";
				GCC_C_LANGUAGE_STANDARD = gnu99;
				GCC_PREPROCESSOR_DEFINITIONS = "";
				GCC_WARN_ABOUT_RETURN_TYPE = YES;
				GCC_WARN_UNUSED_VARIABLE = YES;
				HEADER_SEARCH_PATHS = /usr/include/libxml2/;
				PREBINDING = NO;
				SDKROOT = macosx10.6;
			};
			name = Release;
		};
/* End XCBuildConfiguration section */

/* Begin XCConfigurationList section */
		C01FCF4A08A954540054247B /* Build configuration list for PBXNativeTarget "MyTunesControllerPlus" */ = {
			isa = XCConfigurationList;
			buildConfigurations = (
				C01FCF4B08A954540054247B /* Debug */,
				C01FCF4C08A954540054247B /* Release */,
			);
			defaultConfigurationIsVisible = 0;
			defaultConfigurationName = Release;
		};
		C01FCF4E08A954540054247B /* Build configuration list for PBXProject "MyTunesControllerPlus" */ = {
			isa = XCConfigurationList;
			buildConfigurations = (
				C01FCF4F08A954540054247B /* Debug */,
				C01FCF5008A954540054247B /* Release */,
			);
			defaultConfigurationIsVisible = 0;
			defaultConfigurationName = Release;
		};
/* End XCConfigurationList section */
	};
	rootObject = 29B97313FDCFA39411CA2CEA /* Project object */;
}
